
Microsoft Visual Studio Solution File, Format Version 12.00
# Visual Studio Version 17
VisualStudioVersion = 17.0.31903.59
MinimumVisualStudioVersion = 10.0.40219.1
Project("{9A19103F-16F7-4668-BE54-9A1E7A4F7556}") = "LanguageFeatures", "LanguageFeatures.csproj", "{BAB7B2E8-6F75-4AA1-9817-C7425E378E2B}"
EndProject
Global
	GlobalSection(SolutionConfigurationPlatforms) = preSolution
		Debug|Any CPU = Debug|Any CPU
		Release|Any CPU = Release|Any CPU
	EndGlobalSection
	GlobalSection(ProjectConfigurationPlatforms) = postSolution
		{BAB7B2E8-6F75-4AA1-9817-C7425E378E2B}.Debug|Any CPU.ActiveCfg = Debug|Any CPU
		{BAB7B2E8-6F75-4AA1-9817-C7425E378E2B}.Debug|Any CPU.Build.0 = Debug|Any CPU
		{BAB7B2E8-6F75-4AA1-9817-C7425E378E2B}.Release|Any CPU.ActiveCfg = Release|Any CPU
		{BAB7B2E8-6F75-4AA1-9817-C7425E378E2B}.Release|Any CPU.Build.0 = Release|Any CPU
	EndGlobalSection
	GlobalSection(SolutionProperties) = preSolution
		HideSolutionNode = FALSE
	EndGlobalSection
EndGlobal
